
Microsoft Visual Studio Solution File, Format Version 12.00
# Visual Studio Version 17
VisualStudioVersion = 17.7.34202.233
MinimumVisualStudioVersion = 10.0.40219.1
Project("{FAE04EC0-301F-11D3-BF4B-00C04F79EFBC}") = "Practica examen", "Practica examen\Practica examen.csproj", "{16BC6023-C885-489F-BFFD-4BADD874EC7E}"
EndProject
Project("{FAE04EC0-301F-11D3-BF4B-00C04F79EFBC}") = "PracticaExamen2", "PracticaExamen2\PracticaExamen2.csproj", "{58B2E76B-A05C-4C7D-BD7F-84462102265C}"
EndProject
Global
	GlobalSection(SolutionConfigurationPlatforms) = preSolution
		Debug|Any CPU = Debug|Any CPU
		Release|Any CPU = Release|Any CPU
	EndGlobalSection
	GlobalSection(ProjectConfigurationPlatforms) = postSolution
		{16BC6023-C885-489F-BFFD-4BADD874EC7E}.Debug|Any CPU.ActiveCfg = Debug|Any CPU
		{16BC6023-C885-489F-BFFD-4BADD874EC7E}.Debug|Any CPU.Build.0 = Debug|Any CPU
		{16BC6023-C885-489F-BFFD-4BADD874EC7E}.Release|Any CPU.ActiveCfg = Release|Any CPU
		{16BC6023-C885-489F-BFFD-4BADD874EC7E}.Release|Any CPU.Build.0 = Release|Any CPU
		{58B2E76B-A05C-4C7D-BD7F-84462102265C}.Debug|Any CPU.ActiveCfg = Debug|Any CPU
		{58B2E76B-A05C-4C7D-BD7F-84462102265C}.Debug|Any CPU.Build.0 = Debug|Any CPU
		{58B2E76B-A05C-4C7D-BD7F-84462102265C}.Release|Any CPU.ActiveCfg = Release|Any CPU
		{58B2E76B-A05C-4C7D-BD7F-84462102265C}.Release|Any CPU.Build.0 = Release|Any CPU
	EndGlobalSection
	GlobalSection(SolutionProperties) = preSolution
		HideSolutionNode = FALSE
	EndGlobalSection
	GlobalSection(ExtensibilityGlobals) = postSolution
		SolutionGuid = {8DB0B4D6-313E-4EC1-9B31-AD3B9ADB7292}
	EndGlobalSection
EndGlobal
